// !$*UTF8*$!
{
	archiveVersion = 1;
	classes = {
	};
	objectVersion = 55;
	objects = {

/* Begin PBXBuildFile section */
		45208CE028627DD300496EDE /* AppDelegate.swift in Sources */ = {isa = PBXBuildFile; fileRef = 45208CDF28627DD300496EDE /* AppDelegate.swift */; };
		45208CE228627DD300496EDE /* SceneDelegate.swift in Sources */ = {isa = PBXBuildFile; fileRef = 45208CE128627DD300496EDE /* SceneDelegate.swift */; };
		45208CE428627DD300496EDE /* ViewController.swift in Sources */ = {isa = PBXBuildFile; fileRef = 45208CE328627DD300496EDE /* ViewController.swift */; };
		45208CE728627DD300496EDE /* Main.storyboard in Resources */ = {isa = PBXBuildFile; fileRef = 45208CE528627DD300496EDE /* Main.storyboard */; };
		45208CE928627DD600496EDE /* Assets.xcassets in Resources */ = {isa = PBXBuildFile; fileRef = 45208CE828627DD600496EDE /* Assets.xcassets */; };
		45208CEC28627DD600496EDE /* LaunchScreen.storyboard in Resources */ = {isa = PBXBuildFile; fileRef = 45208CEA28627DD600496EDE /* LaunchScreen.storyboard */; };
		45208CFE2862818300496EDE /* P5253398.JPG in Resources */ = {isa = PBXBuildFile; fileRef = 45208CF42862818300496EDE /* P5253398.JPG */; };
		45208CFF2862818300496EDE /* P4073268.JPG in Resources */ = {isa = PBXBuildFile; fileRef = 45208CF52862818300496EDE /* P4073268.JPG */; };
		45208D002862818300496EDE /* P4233346.JPG in Resources */ = {isa = PBXBuildFile; fileRef = 45208CF62862818300496EDE /* P4233346.JPG */; };
		45208D012862818300496EDE /* P4233328.JPG in Resources */ = {isa = PBXBuildFile; fileRef = 45208CF72862818300496EDE /* P4233328.JPG */; };
		45208D022862818300496EDE /* P4143315.JPG in Resources */ = {isa = PBXBuildFile; fileRef = 45208CF82862818300496EDE /* P4143315.JPG */; };
		45208D032862818300496EDE /* P5253420.JPG in Resources */ = {isa = PBXBuildFile; fileRef = 45208CF92862818300496EDE /* P5253420.JPG */; };
		45208D042862818300496EDE /* P8103865.JPG in Resources */ = {isa = PBXBuildFile; fileRef = 45208CFA2862818300496EDE /* P8103865.JPG */; };
		45208D052862818300496EDE /* P4233363.JPG in Resources */ = {isa = PBXBuildFile; fileRef = 45208CFB2862818300496EDE /* P4233363.JPG */; };
		45208D062862818300496EDE /* P4133280.JPG in Resources */ = {isa = PBXBuildFile; fileRef = 45208CFC2862818300496EDE /* P4133280.JPG */; };
		45208D072862818300496EDE /* IMG_3935.JPG in Resources */ = {isa = PBXBuildFile; fileRef = 45208CFD2862818300496EDE /* IMG_3935.JPG */; };
/* End PBXBuildFile section */

/* Begin PBXFileReference section */
		45208CDC28627DD300496EDE /* imageViewer(HWS1).app */ = {isa = PBXFileReference; explicitFileType = wrapper.application; includeInIndex = 0; path = "imageViewer(HWS1).app"; sourceTree = BUILT_PRODUCTS_DIR; };
		45208CDF28627DD300496EDE /* AppDelegate.swift */ = {isa = PBXFileReference; lastKnownFileType = sourcecode.swift; path = AppDelegate.swift; sourceTree = "<group>"; };
		45208CE128627DD300496EDE /* SceneDelegate.swift */ = {isa = PBXFileReference; lastKnownFileType = sourcecode.swift; path = SceneDelegate.swift; sourceTree = "<group>"; };
		45208CE328627DD300496EDE /* ViewController.swift */ = {isa = PBXFileReference; lastKnownFileType = sourcecode.swift; path = ViewController.swift; sourceTree = "<group>"; };
		45208CE628627DD300496EDE /* Base */ = {isa = PBXFileReference; lastKnownFileType = file.storyboard; name = Base; path = Base.lproj/Main.storyboard; sourceTree = "<group>"; };
		45208CE828627DD600496EDE /* Assets.xcassets */ = {isa = PBXFileReference; lastKnownFileType = folder.assetcatalog; path = Assets.xcassets; sourceTree = "<group>"; };
		45208CEB28627DD600496EDE /* Base */ = {isa = PBXFileReference; lastKnownFileType = file.storyboard; name = Base; path = Base.lproj/LaunchScreen.storyboard; sourceTree = "<group>"; };
		45208CED28627DD600496EDE /* Info.plist */ = {isa = PBXFileReference; lastKnownFileType = text.plist.xml; path = Info.plist; sourceTree = "<group>"; };
		45208CF42862818300496EDE /* P5253398.JPG */ = {isa = PBXFileReference; lastKnownFileType = image.jpeg; path = P5253398.JPG; sourceTree = "<group>"; };
		45208CF52862818300496EDE /* P4073268.JPG */ = {isa = PBXFileReference; lastKnownFileType = image.jpeg; path = P4073268.JPG; sourceTree = "<group>"; };
		45208CF62862818300496EDE /* P4233346.JPG */ = {isa = PBXFileReference; lastKnownFileType = image.jpeg; path = P4233346.JPG; sourceTree = "<group>"; };
		45208CF72862818300496EDE /* P4233328.JPG */ = {isa = PBXFileReference; lastKnownFileType = image.jpeg; path = P4233328.JPG; sourceTree = "<group>"; };
		45208CF82862818300496EDE /* P4143315.JPG */ = {isa = PBXFileReference; lastKnownFileType = image.jpeg; path = P4143315.JPG; sourceTree = "<group>"; };
		45208CF92862818300496EDE /* P5253420.JPG */ = {isa = PBXFileReference; lastKnownFileType = image.jpeg; path = P5253420.JPG; sourceTree = "<group>"; };
		45208CFA2862818300496EDE /* P8103865.JPG */ = {isa = PBXFileReference; lastKnownFileType = image.jpeg; path = P8103865.JPG; sourceTree = "<group>"; };
		45208CFB2862818300496EDE /* P4233363.JPG */ = {isa = PBXFileReference; lastKnownFileType = image.jpeg; path = P4233363.JPG; sourceTree = "<group>"; };
		45208CFC2862818300496EDE /* P4133280.JPG */ = {isa = PBXFileReference; lastKnownFileType = image.jpeg; path = P4133280.JPG; sourceTree = "<group>"; };
		45208CFD2862818300496EDE /* IMG_3935.JPG */ = {isa = PBXFileReference; lastKnownFileType = image.jpeg; path = IMG_3935.JPG; sourceTree = "<group>"; };
/* End PBXFileReference section */

/* Begin PBXFrameworksBuildPhase section */
		45208CD928627DD300496EDE /* Frameworks */ = {
			isa = PBXFrameworksBuildPhase;
			buildActionMask = 2147483647;
			files = (
			);
			runOnlyForDeploymentPostprocessing = 0;
		};
/* End PBXFrameworksBuildPhase section */

/* Begin PBXGroup section */
		45208CD328627DD300496EDE = {
			isa = PBXGroup;
			children = (
				45208CDE28627DD300496EDE /* imageViewer(HWS1) */,
				45208CDD28627DD300496EDE /* Products */,
			);
			sourceTree = "<group>";
		};
		45208CDD28627DD300496EDE /* Products */ = {
			isa = PBXGroup;
			children = (
				45208CDC28627DD300496EDE /* imageViewer(HWS1).app */,
			);
			name = Products;
			sourceTree = "<group>";
		};
		45208CDE28627DD300496EDE /* imageViewer(HWS1) */ = {
			isa = PBXGroup;
			children = (
				45208CDF28627DD300496EDE /* AppDelegate.swift */,
				45208CE128627DD300496EDE /* SceneDelegate.swift */,
				45208CE328627DD300496EDE /* ViewController.swift */,
				45208CE528627DD300496EDE /* Main.storyboard */,
				45208CE828627DD600496EDE /* Assets.xcassets */,
				45208CEA28627DD600496EDE /* LaunchScreen.storyboard */,
				45208CED28627DD600496EDE /* Info.plist */,
				45208CF32862818300496EDE /* Content */,
			);
			path = "imageViewer(HWS1)";
			sourceTree = "<group>";
		};
		45208CF32862818300496EDE /* Content */ = {
			isa = PBXGroup;
			children = (
				45208CF42862818300496EDE /* P5253398.JPG */,
				45208CF52862818300496EDE /* P4073268.JPG */,
				45208CF62862818300496EDE /* P4233346.JPG */,
				45208CF72862818300496EDE /* P4233328.JPG */,
				45208CF82862818300496EDE /* P4143315.JPG */,
				45208CF92862818300496EDE /* P5253420.JPG */,
				45208CFA2862818300496EDE /* P8103865.JPG */,
				45208CFB2862818300496EDE /* P4233363.JPG */,
				45208CFC2862818300496EDE /* P4133280.JPG */,
				45208CFD2862818300496EDE /* IMG_3935.JPG */,
			);
			path = Content;
			sourceTree = "<group>";
		};
/* End PBXGroup section */

/* Begin PBXNativeTarget section */
		45208CDB28627DD300496EDE /* imageViewer(HWS1) */ = {
			isa = PBXNativeTarget;
			buildConfigurationList = 45208CF028627DD600496EDE /* Build configuration list for PBXNativeTarget "imageViewer(HWS1)" */;
			buildPhases = (
				45208CD828627DD300496EDE /* Sources */,
				45208CD928627DD300496EDE /* Frameworks */,
				45208CDA28627DD300496EDE /* Resources */,
			);
			buildRules = (
			);
			dependencies = (
			);
			name = "imageViewer(HWS1)";
			productName = "imageViewer(HWS1)";
			productReference = 45208CDC28627DD300496EDE /* imageViewer(HWS1).app */;
			productType = "com.apple.product-type.application";
		};
/* End PBXNativeTarget section */

/* Begin PBXProject section */
		45208CD428627DD300496EDE /* Project object */ = {
			isa = PBXProject;
			attributes = {
				BuildIndependentTargetsInParallel = 1;
				LastSwiftUpdateCheck = 1340;
				LastUpgradeCheck = 1340;
				TargetAttributes = {
					45208CDB28627DD300496EDE = {
						CreatedOnToolsVersion = 13.4.1;
					};
				};
			};
			buildConfigurationList = 45208CD728627DD300496EDE /* Build configuration list for PBXProject "imageViewer(HWS1)" */;
			compatibilityVersion = "Xcode 13.0";
			developmentRegion = en;
			hasScannedForEncodings = 0;
			knownRegions = (
				en,
				Base,
			);
			mainGroup = 45208CD328627DD300496EDE;
			productRefGroup = 45208CDD28627DD300496EDE /* Products */;
			projectDirPath = "";
			projectRoot = "";
			targets = (
				45208CDB28627DD300496EDE /* imageViewer(HWS1) */,
			);
		};
/* End PBXProject section */

/* Begin PBXResourcesBuildPhase section */
		45208CDA28627DD300496EDE /* Resources */ = {
			isa = PBXResourcesBuildPhase;
			buildActionMask = 2147483647;
			files = (
				45208D072862818300496EDE /* IMG_3935.JPG in Resources */,
				45208D062862818300496EDE /* P4133280.JPG in Resources */,
				45208D022862818300496EDE /* P4143315.JPG in Resources */,
				45208D032862818300496EDE /* P5253420.JPG in Resources */,
				45208CEC28627DD600496EDE /* LaunchScreen.storyboard in Resources */,
				45208CFF2862818300496EDE /* P4073268.JPG in Resources */,
				45208CE928627DD600496EDE /* Assets.xcassets in Resources */,
				45208D012862818300496EDE /* P4233328.JPG in Resources */,
				45208CFE2862818300496EDE /* P5253398.JPG in Resources */,
				45208D002862818300496EDE /* P4233346.JPG in Resources */,
				45208D042862818300496EDE /* P8103865.JPG in Resources */,
				45208D052862818300496EDE /* P4233363.JPG in Resources */,
				45208CE728627DD300496EDE /* Main.storyboard in Resources */,
			);
			runOnlyForDeploymentPostprocessing = 0;
		};
/* End PBXResourcesBuildPhase section */

/* Begin PBXSourcesBuildPhase section */
		45208CD828627DD300496EDE /* Sources */ = {
			isa = PBXSourcesBuildPhase;
			buildActionMask = 2147483647;
			files = (
				45208CE428627DD300496EDE /* ViewController.swift in Sources */,
				45208CE028627DD300496EDE /* AppDelegate.swift in Sources */,
				45208CE228627DD300496EDE /* SceneDelegate.swift in Sources */,
			);
			runOnlyForDeploymentPostprocessing = 0;
		};
/* End PBXSourcesBuildPhase section */

/* Begin PBXVariantGroup section */
		45208CE528627DD300496EDE /* Main.storyboard */ = {
			isa = PBXVariantGroup;
			children = (
				45208CE628627DD300496EDE /* Base */,
			);
			name = Main.storyboard;
			sourceTree = "<group>";
		};
		45208CEA28627DD600496EDE /* LaunchScreen.storyboard */ = {
			isa = PBXVariantGroup;
			children = (
				45208CEB28627DD600496EDE /* Base */,
			);
			name = LaunchScreen.storyboard;
			sourceTree = "<group>";
		};
/* End PBXVariantGroup section */

/* Begin XCBuildConfiguration section */
		45208CEE28627DD600496EDE /* Debug */ = {
			isa = XCBuildConfiguration;
			buildSettings = {
				ALWAYS_SEARCH_USER_PATHS = NO;
				CLANG_ANALYZER_NONNULL = YES;
				CLANG_ANALYZER_NUMBER_OBJECT_CONVERSION = YES_AGGRESSIVE;
				CLANG_CXX_LANGUAGE_STANDARD = "gnu++17";
				CLANG_ENABLE_MODULES = YES;
				CLANG_ENABLE_OBJC_ARC = YES;
				CLANG_ENABLE_OBJC_WEAK = YES;
				CLANG_WARN_BLOCK_CAPTURE_AUTORELEASING = YES;
				CLANG_WARN_BOOL_CONVERSION = YES;
				CLANG_WARN_COMMA = YES;
				CLANG_WARN_CONSTANT_CONVERSION = YES;
				CLANG_WARN_DEPRECATED_OBJC_IMPLEMENTATIONS = YES;
				CLANG_WARN_DIRECT_OBJC_ISA_USAGE = YES_ERROR;
				CLANG_WARN_DOCUMENTATION_COMMENTS = YES;
				CLANG_WARN_EMPTY_BODY = YES;
				CLANG_WARN_ENUM_CONVERSION = YES;
				CLANG_WARN_INFINITE_RECURSION = YES;
				CLANG_WARN_INT_CONVERSION = YES;
				CLANG_WARN_NON_LITERAL_NULL_CONVERSION = YES;
				CLANG_WARN_OBJC_IMPLICIT_RETAIN_SELF = YES;
				CLANG_WARN_OBJC_LITERAL_CONVERSION = YES;
				CLANG_WARN_OBJC_ROOT_CLASS = YES_ERROR;
				CLANG_WARN_QUOTED_INCLUDE_IN_FRAMEWORK_HEADER = YES;
				CLANG_WARN_RANGE_LOOP_ANALYSIS = YES;
				CLANG_WARN_STRICT_PROTOTYPES = YES;
				CLANG_WARN_SUSPICIOUS_MOVE = YES;
				CLANG_WARN_UNGUARDED_AVAILABILITY = YES_AGGRESSIVE;
				CLANG_WARN_UNREACHABLE_CODE = YES;
				CLANG_WARN__DUPLICATE_METHOD_MATCH = YES;
				COPY_PHASE_STRIP = NO;
				DEBUG_INFORMATION_FORMAT = dwarf;
				ENABLE_STRICT_OBJC_MSGSEND = YES;
				ENABLE_TESTABILITY = YES;
				GCC_C_LANGUAGE_STANDARD = gnu11;
				GCC_DYNAMIC_NO_PIC = NO;
				GCC_NO_COMMON_BLOCKS = YES;
				GCC_OPTIMIZATION_LEVEL = 0;
				GCC_PREPROCESSOR_DEFINITIONS = (
					"DEBUG=1",
					"$(inherited)",
				);
				GCC_WARN_64_TO_32_BIT_CONVERSION = YES;
				GCC_WARN_ABOUT_RETURN_TYPE = YES_ERROR;
				GCC_WARN_UNDECLARED_SELECTOR = YES;
				GCC_WARN_UNINITIALIZED_AUTOS = YES_AGGRESSIVE;
				GCC_WARN_UNUSED_FUNCTION = YES;
				GCC_WARN_UNUSED_VARIABLE = YES;
				IPHONEOS_DEPLOYMENT_TARGET = 15.5;
				MTL_ENABLE_DEBUG_INFO = INCLUDE_SOURCE;
				MTL_FAST_MATH = YES;
				ONLY_ACTIVE_ARCH = YES;
				SDKROOT = iphoneos;
				SWIFT_ACTIVE_COMPILATION_CONDITIONS = DEBUG;
				SWIFT_OPTIMIZATION_LEVEL = "-Onone";
			};
			name = Debug;
		};
		45208CEF28627DD600496EDE /* Release */ = {
			isa = XCBuildConfiguration;
			buildSettings = {
				ALWAYS_SEARCH_USER_PATHS = NO;
				CLANG_ANALYZER_NONNULL = YES;
				CLANG_ANALYZER_NUMBER_OBJECT_CONVERSION = YES_AGGRESSIVE;
				CLANG_CXX_LANGUAGE_STANDARD = "gnu++17";
				CLANG_ENABLE_MODULES = YES;
				CLANG_ENABLE_OBJC_ARC = YES;
				CLANG_ENABLE_OBJC_WEAK = YES;
				CLANG_WARN_BLOCK_CAPTURE_AUTORELEASING = YES;
				CLANG_WARN_BOOL_CONVERSION = YES;
				CLANG_WARN_COMMA = YES;
				CLANG_WARN_CONSTANT_CONVERSION = YES;
				CLANG_WARN_DEPRECATED_OBJC_IMPLEMENTATIONS = YES;
				CLANG_WARN_DIRECT_OBJC_ISA_USAGE = YES_ERROR;
				CLANG_WARN_DOCUMENTATION_COMMENTS = YES;
				CLANG_WARN_EMPTY_BODY = YES;
				CLANG_WARN_ENUM_CONVERSION = YES;
				CLANG_WARN_INFINITE_RECURSION = YES;
				CLANG_WARN_INT_CONVERSION = YES;
				CLANG_WARN_NON_LITERAL_NULL_CONVERSION = YES;
				CLANG_WARN_OBJC_IMPLICIT_RETAIN_SELF = YES;
				CLANG_WARN_OBJC_LITERAL_CONVERSION = YES;
				CLANG_WARN_OBJC_ROOT_CLASS = YES_ERROR;
				CLANG_WARN_QUOTED_INCLUDE_IN_FRAMEWORK_HEADER = YES;
				CLANG_WARN_RANGE_LOOP_ANALYSIS = YES;
				CLANG_WARN_STRICT_PROTOTYPES = YES;
				CLANG_WARN_SUSPICIOUS_MOVE = YES;
				CLANG_WARN_UNGUARDED_AVAILABILITY = YES_AGGRESSIVE;
				CLANG_WARN_UNREACHABLE_CODE = YES;
				CLANG_WARN__DUPLICATE_METHOD_MATCH = YES;
				COPY_PHASE_STRIP = NO;
				DEBUG_INFORMATION_FORMAT = "dwarf-with-dsym";
				ENABLE_NS_ASSERTIONS = NO;
				ENABLE_STRICT_OBJC_MSGSEND = YES;
				GCC_C_LANGUAGE_STANDARD = gnu11;
				GCC_NO_COMMON_BLOCKS = YES;
				GCC_WARN_64_TO_32_BIT_CONVERSION = YES;
				GCC_WARN_ABOUT_RETURN_TYPE = YES_ERROR;
				GCC_WARN_UNDECLARED_SELECTOR = YES;
				GCC_WARN_UNINITIALIZED_AUTOS = YES_AGGRESSIVE;
				GCC_WARN_UNUSED_FUNCTION = YES;
				GCC_WARN_UNUSED_VARIABLE = YES;
				IPHONEOS_DEPLOYMENT_TARGET = 15.5;
				MTL_ENABLE_DEBUG_INFO = NO;
				MTL_FAST_MATH = YES;
				SDKROOT = iphoneos;
				SWIFT_COMPILATION_MODE = wholemodule;
				SWIFT_OPTIMIZATION_LEVEL = "-O";
				VALIDATE_PRODUCT = YES;
			};
			name = Release;
		};
		45208CF128627DD600496EDE /* Debug */ = {
			isa = XCBuildConfiguration;
			buildSettings = {
				ASSETCATALOG_COMPILER_APPICON_NAME = AppIcon;
				ASSETCATALOG_COMPILER_GLOBAL_ACCENT_COLOR_NAME = AccentColor;
				CODE_SIGN_STYLE = Automatic;
				CURRENT_PROJECT_VERSION = 1;
				DEVELOPMENT_TEAM = 9XDF5B3KQ3;
				GENERATE_INFOPLIST_FILE = YES;
				INFOPLIST_FILE = "imageViewer(HWS1)/Info.plist";
				INFOPLIST_KEY_UIApplicationSupportsIndirectInputEvents = YES;
				INFOPLIST_KEY_UILaunchStoryboardName = LaunchScreen;
				INFOPLIST_KEY_UIMainStoryboardFile = Main;
				INFOPLIST_KEY_UISupportedInterfaceOrientations_iPad = "UIInterfaceOrientationPortrait UIInterfaceOrientationPortraitUpsideDown UIInterfaceOrientationLandscapeLeft UIInterfaceOrientationLandscapeRight";
				INFOPLIST_KEY_UISupportedInterfaceOrientations_iPhone = "UIInterfaceOrientationPortrait UIInterfaceOrientationLandscapeLeft UIInterfaceOrientationLandscapeRight";
				LD_RUNPATH_SEARCH_PATHS = (
					"$(inherited)",
					"@executable_path/Frameworks",
				);
				MARKETING_VERSION = 1.0;
				PRODUCT_BUNDLE_IDENTIFIER = "education4u.imageViewer-HWS1-";
				PRODUCT_NAME = "$(TARGET_NAME)";
				SWIFT_EMIT_LOC_STRINGS = YES;
				SWIFT_VERSION = 5.0;
				TARGETED_DEVICE_FAMILY = "1,2";
			};
			name = Debug;
		};
		45208CF228627DD600496EDE /* Release */ = {
			isa = XCBuildConfiguration;
			buildSettings = {
				ASSETCATALOG_COMPILER_APPICON_NAME = AppIcon;
				ASSETCATALOG_COMPILER_GLOBAL_ACCENT_COLOR_NAME = AccentColor;
				CODE_SIGN_STYLE = Automatic;
				CURRENT_PROJECT_VERSION = 1;
				DEVELOPMENT_TEAM = 9XDF5B3KQ3;
				GENERATE_INFOPLIST_FILE = YES;
				INFOPLIST_FILE = "imageViewer(HWS1)/Info.plist";
				INFOPLIST_KEY_UIApplicationSupportsIndirectInputEvents = YES;
				INFOPLIST_KEY_UILaunchStoryboardName = LaunchScreen;
				INFOPLIST_KEY_UIMainStoryboardFile = Main;
				INFOPLIST_KEY_UISupportedInterfaceOrientations_iPad = "UIInterfaceOrientationPortrait UIInterfaceOrientationPortraitUpsideDown UIInterfaceOrientationLandscapeLeft UIInterfaceOrientationLandscapeRight";
				INFOPLIST_KEY_UISupportedInterfaceOrientations_iPhone = "UIInterfaceOrientationPortrait UIInterfaceOrientationLandscapeLeft UIInterfaceOrientationLandscapeRight";
				LD_RUNPATH_SEARCH_PATHS = (
					"$(inherited)",
					"@executable_path/Frameworks",
				);
				MARKETING_VERSION = 1.0;
				PRODUCT_BUNDLE_IDENTIFIER = "education4u.imageViewer-HWS1-";
				PRODUCT_NAME = "$(TARGET_NAME)";
				SWIFT_EMIT_LOC_STRINGS = YES;
				SWIFT_VERSION = 5.0;
				TARGETED_DEVICE_FAMILY = "1,2";
			};
			name = Release;
		};
/* End XCBuildConfiguration section */

/* Begin XCConfigurationList section */
		45208CD728627DD300496EDE /* Build configuration list for PBXProject "imageViewer(HWS1)" */ = {
			isa = XCConfigurationList;
			buildConfigurations = (
				45208CEE28627DD600496EDE /* Debug */,
				45208CEF28627DD600496EDE /* Release */,
			);
			defaultConfigurationIsVisible = 0;
			defaultConfigurationName = Release;
		};
		45208CF028627DD600496EDE /* Build configuration list for PBXNativeTarget "imageViewer(HWS1)" */ = {
			isa = XCConfigurationList;
			buildConfigurations = (
				45208CF128627DD600496EDE /* Debug */,
				45208CF228627DD600496EDE /* Release */,
			);
			defaultConfigurationIsVisible = 0;
			defaultConfigurationName = Release;
		};
/* End XCConfigurationList section */
	};
	rootObject = 45208CD428627DD300496EDE /* Project object */;
}
